# THIS IS AN AUTOGENERATED FILE. DO NOT EDIT THIS FILE DIRECTLY.
# yarn lockfile v1


"@tonaljs/chord-detect@^4.6.5":
  version "4.6.5"
  resolved "https://registry.yarnpkg.com/@tonaljs/chord-detect/-/chord-detect-4.6.5.tgz#83c40143f98f245198e88dcffa05b56525c0a1d1"
  integrity sha512-4xu53UP4kNTfdTNpAAVijhXcQ+ypJqmeMnsST08ZXSjoYfJUhmf5rWDWfz36KOTtNdCA6AbYgdtTYV/Xw0nd/w==
  dependencies:
    "@tonaljs/chord-type" "^4.6.5"
    "@tonaljs/core" "^4.6.5"
    "@tonaljs/pcset" "^4.6.5"

"@tonaljs/chord-type@^4.6.5":
  version "4.6.5"
  resolved "https://registry.yarnpkg.com/@tonaljs/chord-type/-/chord-type-4.6.5.tgz#11078f16561a50d59d673119eabe31a5c85c6ad9"
  integrity sha512-Ol4DDopqpZCF9odosO2i8I+plud3Ul7VWJGNvL+PPCf4Qnwuz87q3aJQDLNoRUz4VyW0u66mq3LyVh6A8kb6Ug==
  dependencies:
    "@tonaljs/core" "^4.6.5"
    "@tonaljs/pcset" "^4.6.5"

"@tonaljs/chord@^4.6.5":
  version "4.6.5"
  resolved "https://registry.yarnpkg.com/@tonaljs/chord/-/chord-4.6.5.tgz#37ae1a7a2b5cbd0931c80f2ccf3e305a0fa7336a"
  integrity sha512-Pjdel4aDVv4kcx9PW6Qozt5BB9nAt13AOExfzKztpgPmlBSy0SKHse7Jp1cA4MGAuLHU8dzVssTFYpCskEFw3w==
  dependencies:
    "@tonaljs/chord-detect" "^4.6.5"
    "@tonaljs/chord-type" "^4.6.5"
    "@tonaljs/collection" "^4.6.2"
    "@tonaljs/core" "^4.6.5"
    "@tonaljs/pcset" "^4.6.5"
    "@tonaljs/scale-type" "^4.6.5"

"@tonaljs/collection@^4.6.2":
  version "4.6.2"
  resolved "https://registry.yarnpkg.com/@tonaljs/collection/-/collection-4.6.2.tgz#ba055fd0731c3d95ca5737d4e0a37288ee22ce73"
  integrity sha512-bfPCotLJNB/tG1NrdbsQPLDKZB5jlMs7uPQ6RYKiNkaena3345ZKkbCGl5pj6YTXeDm/oblXiSbFAn7SlLRZdQ==

"@tonaljs/core@^4.6.5":
  version "4.6.5"
  resolved "https://registry.yarnpkg.com/@tonaljs/core/-/core-4.6.5.tgz#c00a301dfd939b3c75c71049c2091998d7e31aff"
  integrity sha512-t7Vx0+L3j/ubQj2AhI1H45D/K745np4DwJjJjXNi5FlGD+TL2wyw50dCwkHKGHsrLDqup1qqP6yN7LBpC6UwNg==

"@tonaljs/midi@^4.6.5":
  version "4.6.5"
  resolved "https://registry.yarnpkg.com/@tonaljs/midi/-/midi-4.6.5.tgz#e3737db18b38911ad33fea03445e2979a5f2228c"
  integrity sha512-fJEZtNvV3M6yW1w+Tep60Rbv5PvuKszQcQzaJS1Loq5mHOKAzdmRfuJSpEpZBiaKEZ1WAMh1QKXYyOd+imyGQg==
  dependencies:
    "@tonaljs/core" "^4.6.5"

"@tonaljs/note@^4.6.5":
  version "4.6.5"
  resolved "https://registry.yarnpkg.com/@tonaljs/note/-/note-4.6.5.tgz#0fcfa9cb9086d422d05f871e02c446d48d317ba9"
  integrity sha512-Y0/eTzcReXzfcSLLG4k/dLLayqbvh/XYIkybG/QMDyR0BREuJq0Sw+NavbzhTtO0dadIQb/qfe0GFq4k2xS+NQ==
  dependencies:
    "@tonaljs/core" "^4.6.5"
    "@tonaljs/midi" "^4.6.5"

"@tonaljs/pcset@^4.6.5":
  version "4.6.5"
  resolved "https://registry.yarnpkg.com/@tonaljs/pcset/-/pcset-4.6.5.tgz#3e2e29fdd9b19a3a6efd58a5827bec182be82887"
  integrity sha512-oWAKflP3cREnUfScqsBzg2LLKNevxSnpDtrq8CPtwOAsrAa8PjQG07NQfhqIiFMjPUdgkDiER3qVA1n8dDwAJA==
  dependencies:
    "@tonaljs/collection" "^4.6.2"
    "@tonaljs/core" "^4.6.5"

"@tonaljs/scale-type@^4.6.5":
  version "4.6.5"
  resolved "https://registry.yarnpkg.com/@tonaljs/scale-type/-/scale-type-4.6.5.tgz#710930e13e57cbe2490e0aaab92952d8d2db00f1"
  integrity sha512-rwcDOYf2UifjLJhmuQ8f8bJSeOCMDQJ1lB7lzlqdFxes03OeQhdOEfrT0nPtW8BhBEvq4GMM2NA6CLxX8MTwOQ==
  dependencies:
    "@tonaljs/core" "^4.6.5"
    "@tonaljs/pcset" "^4.6.5"

"@tonaljs/scale@^4.6.5":
  version "4.6.5"
  resolved "https://registry.yarnpkg.com/@tonaljs/scale/-/scale-4.6.5.tgz#5ebda7117eddd96f7826b6103212677aae9ae092"
  integrity sha512-isYDamelOBtcd5bEnJ8QV0Js7jKRwZ0FlFVE/+bUN3wsyo9u6KLL5gMyfH9RKdx74m8lE13JXYTXgKqe+AOa4A==
  dependencies:
    "@tonaljs/chord-type" "^4.6.5"
    "@tonaljs/collection" "^4.6.2"
    "@tonaljs/core" "^4.6.5"
    "@tonaljs/note" "^4.6.5"
    "@tonaljs/pcset" "^4.6.5"
    "@tonaljs/scale-type" "^4.6.5"
